
Microsoft Visual Studio Solution File, Format Version 12.00
# Visual Studio Version 17
VisualStudioVersion = 17.0.31903.59
MinimumVisualStudioVersion = 10.0.40219.1
Project("{2150E333-8FDC-42A3-9474-1A3956D46DE8}") = "src", "src", "{827E0CD3-B72D-47B6-A68D-7590B98EB39B}"
EndProject
Project("{2150E333-8FDC-42A3-9474-1A3956D46DE8}") = "OrderService", "OrderService", "{D5064FC8-1F49-54B6-E1C8-B23A6140528A}"
EndProject
Project("{FAE04EC0-301F-11D3-BF4B-00C04F79EFBC}") = "OrderService.Api", "src\OrderService\OrderService.Api\OrderService.Api.csproj", "{846C00B0-DA4E-4447-8DCD-8FB130061D0E}"
EndProject
Project("{FAE04EC0-301F-11D3-BF4B-00C04F79EFBC}") = "OrderService.Application", "src\OrderService\OrderService.Application\OrderService.Application.csproj", "{EC6EF7E1-FF7F-46A3-B555-5D0D53CBA619}"
EndProject
Project("{FAE04EC0-301F-11D3-BF4B-00C04F79EFBC}") = "OrderService.Domain", "src\OrderService\OrderService.Domain\OrderService.Domain.csproj", "{C9975E0C-1116-4CF5-BAB6-460A1E3C88FF}"
EndProject
Project("{FAE04EC0-301F-11D3-BF4B-00C04F79EFBC}") = "OrderService.Infrastructure", "src\OrderService\OrderService.Infrastructure\OrderService.Infrastructure.csproj", "{DC29488D-2644-4E5A-832D-9F47E8CBA0C1}"
EndProject
Project("{2150E333-8FDC-42A3-9474-1A3956D46DE8}") = "SupplierENG", "SupplierENG", "{CE531351-2DDC-5385-577C-184023A1FCB7}"
EndProject
Project("{FAE04EC0-301F-11D3-BF4B-00C04F79EFBC}") = "SupplierENG.Api", "src\SupplierENG\SupplierENG.Api\SupplierENG.Api.csproj", "{A1F34EAF-DFD5-4CCC-A62E-4CD143E0E8AE}"
EndProject
Project("{FAE04EC0-301F-11D3-BF4B-00C04F79EFBC}") = "SupplierENG.Application", "src\SupplierENG\SupplierENG.Application\SupplierENG.Application.csproj", "{999210C4-C750-449B-B7BC-E2671AB46022}"
EndProject
Project("{FAE04EC0-301F-11D3-BF4B-00C04F79EFBC}") = "SupplierENG.Domain", "src\SupplierENG\SupplierENG.Domain\SupplierENG.Domain.csproj", "{AA91B9AA-7DB4-4323-A2FB-4D012AA2493D}"
EndProject
Project("{FAE04EC0-301F-11D3-BF4B-00C04F79EFBC}") = "SupplierENG.Infrastructure", "src\SupplierENG\SupplierENG.Infrastructure\SupplierENG.Infrastructure.csproj", "{6C867D6C-550F-4186-94AC-08DB7BF741E9}"
EndProject
Project("{2150E333-8FDC-42A3-9474-1A3956D46DE8}") = "SupplierWAL", "SupplierWAL", "{45EE7A2A-C8BC-7A22-EE13-374D55855B23}"
EndProject
Project("{FAE04EC0-301F-11D3-BF4B-00C04F79EFBC}") = "SupplierWAL.Api", "src\SupplierWAL\SupplierWAL.Api\SupplierWAL.Api.csproj", "{B54F6B80-0D54-4D95-A9CD-3A8CDF667ACB}"
EndProject
Project("{FAE04EC0-301F-11D3-BF4B-00C04F79EFBC}") = "SupplierWAL.Application", "src\SupplierWAL\SupplierWAL.Application\SupplierWAL.Application.csproj", "{80050BA6-D05C-4851-9B3D-20092F62F7FD}"
EndProject
Project("{FAE04EC0-301F-11D3-BF4B-00C04F79EFBC}") = "SupplierWAL.Domain", "src\SupplierWAL\SupplierWAL.Domain\SupplierWAL.Domain.csproj", "{4F54C287-655D-474D-87A8-66C5F90A5FD8}"
EndProject
Project("{FAE04EC0-301F-11D3-BF4B-00C04F79EFBC}") = "SupplierWAL.Infrastructure", "src\SupplierWAL\SupplierWAL.Infrastructure\SupplierWAL.Infrastructure.csproj", "{3C5F3B84-5EAB-4419-AE29-5D022B687196}"
EndProject
Project("{2150E333-8FDC-42A3-9474-1A3956D46DE8}") = "SupplierSCO", "SupplierSCO", "{AF784095-B75E-12D9-5330-051F8C2E25B3}"
EndProject
Project("{FAE04EC0-301F-11D3-BF4B-00C04F79EFBC}") = "SupplierSCO.Api", "src\SupplierSCO\SupplierSCO.Api\SupplierSCO.Api.csproj", "{E5159594-A4FF-4955-B55B-1F2EA81CCD96}"
EndProject
Project("{FAE04EC0-301F-11D3-BF4B-00C04F79EFBC}") = "SupplierSCO.Application", "src\SupplierSCO\SupplierSCO.Application\SupplierSCO.Application.csproj", "{05C53573-383A-4F3A-A647-0A75A0DD53AD}"
EndProject
Project("{FAE04EC0-301F-11D3-BF4B-00C04F79EFBC}") = "SupplierSCO.Domain", "src\SupplierSCO\SupplierSCO.Domain\SupplierSCO.Domain.csproj", "{5EB0E664-4237-428B-9E7C-778B8B13D25C}"
EndProject
Project("{FAE04EC0-301F-11D3-BF4B-00C04F79EFBC}") = "SupplierSCO.Infrastructure", "src\SupplierSCO\SupplierSCO.Infrastructure\SupplierSCO.Infrastructure.csproj", "{549B17E3-6D7C-459A-995E-D46726A59893}"
EndProject
Project("{2150E333-8FDC-42A3-9474-1A3956D46DE8}") = "common", "common", "{BFF2DF6E-AA54-47C7-211F-79ACCBB4577C}"
EndProject
Project("{FAE04EC0-301F-11D3-BF4B-00C04F79EFBC}") = "common", "src\common\common\common.csproj", "{FEB00396-5B49-4D52-8452-59D40141F4C7}"
EndProject
Project("{FAE04EC0-301F-11D3-BF4B-00C04F79EFBC}") = "OrderService.Functions", "src\OrderService\OrderService.Functions\OrderService.Functions.csproj", "{01878D4A-410E-4E44-986E-7E7EDF7B9A9B}"
EndProject
Project("{FAE04EC0-301F-11D3-BF4B-00C04F79EFBC}") = "SupplierENG.Functions", "src\SupplierENG\SupplierENG.Functions\SupplierENG.Functions.csproj", "{9BD63552-A7A4-45FE-9B1B-3CA82CA424EE}"
EndProject
Project("{FAE04EC0-301F-11D3-BF4B-00C04F79EFBC}") = "SupplierSCO.Functions", "src\SupplierSCO\SupplierSCO.Functions\SupplierSCO.Functions.csproj", "{4FE8240E-8D43-4065-A90A-BA1EAFD4F53E}"
EndProject
Project("{FAE04EC0-301F-11D3-BF4B-00C04F79EFBC}") = "SupplierWAL.Functions", "src\SupplierWAL\SupplierWAL.Functions\SupplierWAL.Functions.csproj", "{A579BE39-DF43-49B8-A9D7-E34BAAE0567B}"
EndProject
Project("{2150E333-8FDC-42A3-9474-1A3956D46DE8}") = "tests", "tests", "{0AB3BF05-4346-4AA6-1389-037BE0695223}"
EndProject
Project("{FAE04EC0-301F-11D3-BF4B-00C04F79EFBC}") = "OrderService.Api.Specs", "tests\OrderService.Api.Specs\OrderService.Api.Specs.csproj", "{1E61A5C8-C3EA-47F0-AC97-EAD3E96C83A4}"
EndProject
Global
	GlobalSection(SolutionConfigurationPlatforms) = preSolution
		Debug|Any CPU = Debug|Any CPU
		Debug|x64 = Debug|x64
		Debug|x86 = Debug|x86
		Release|Any CPU = Release|Any CPU
		Release|x64 = Release|x64
		Release|x86 = Release|x86
	EndGlobalSection
	GlobalSection(ProjectConfigurationPlatforms) = postSolution
		{846C00B0-DA4E-4447-8DCD-8FB130061D0E}.Debug|Any CPU.ActiveCfg = Debug|Any CPU
		{846C00B0-DA4E-4447-8DCD-8FB130061D0E}.Debug|Any CPU.Build.0 = Debug|Any CPU
		{846C00B0-DA4E-4447-8DCD-8FB130061D0E}.Debug|x64.ActiveCfg = Debug|Any CPU
		{846C00B0-DA4E-4447-8DCD-8FB130061D0E}.Debug|x64.Build.0 = Debug|Any CPU
		{846C00B0-DA4E-4447-8DCD-8FB130061D0E}.Debug|x86.ActiveCfg = Debug|Any CPU
		{846C00B0-DA4E-4447-8DCD-8FB130061D0E}.Debug|x86.Build.0 = Debug|Any CPU
		{846C00B0-DA4E-4447-8DCD-8FB130061D0E}.Release|Any CPU.ActiveCfg = Release|Any CPU
		{846C00B0-DA4E-4447-8DCD-8FB130061D0E}.Release|Any CPU.Build.0 = Release|Any CPU
		{846C00B0-DA4E-4447-8DCD-8FB130061D0E}.Release|x64.ActiveCfg = Release|Any CPU
		{846C00B0-DA4E-4447-8DCD-8FB130061D0E}.Release|x64.Build.0 = Release|Any CPU
		{846C00B0-DA4E-4447-8DCD-8FB130061D0E}.Release|x86.ActiveCfg = Release|Any CPU
		{846C00B0-DA4E-4447-8DCD-8FB130061D0E}.Release|x86.Build.0 = Release|Any CPU
		{EC6EF7E1-FF7F-46A3-B555-5D0D53CBA619}.Debug|Any CPU.ActiveCfg = Debug|Any CPU
		{EC6EF7E1-FF7F-46A3-B555-5D0D53CBA619}.Debug|Any CPU.Build.0 = Debug|Any CPU
		{EC6EF7E1-FF7F-46A3-B555-5D0D53CBA619}.Debug|x64.ActiveCfg = Debug|Any CPU
		{EC6EF7E1-FF7F-46A3-B555-5D0D53CBA619}.Debug|x64.Build.0 = Debug|Any CPU
		{EC6EF7E1-FF7F-46A3-B555-5D0D53CBA619}.Debug|x86.ActiveCfg = Debug|Any CPU
		{EC6EF7E1-FF7F-46A3-B555-5D0D53CBA619}.Debug|x86.Build.0 = Debug|Any CPU
		{EC6EF7E1-FF7F-46A3-B555-5D0D53CBA619}.Release|Any CPU.ActiveCfg = Release|Any CPU
		{EC6EF7E1-FF7F-46A3-B555-5D0D53CBA619}.Release|Any CPU.Build.0 = Release|Any CPU
		{EC6EF7E1-FF7F-46A3-B555-5D0D53CBA619}.Release|x64.ActiveCfg = Release|Any CPU
		{EC6EF7E1-FF7F-46A3-B555-5D0D53CBA619}.Release|x64.Build.0 = Release|Any CPU
		{EC6EF7E1-FF7F-46A3-B555-5D0D53CBA619}.Release|x86.ActiveCfg = Release|Any CPU
		{EC6EF7E1-FF7F-46A3-B555-5D0D53CBA619}.Release|x86.Build.0 = Release|Any CPU
		{C9975E0C-1116-4CF5-BAB6-460A1E3C88FF}.Debug|Any CPU.ActiveCfg = Debug|Any CPU
		{C9975E0C-1116-4CF5-BAB6-460A1E3C88FF}.Debug|Any CPU.Build.0 = Debug|Any CPU
		{C9975E0C-1116-4CF5-BAB6-460A1E3C88FF}.Debug|x64.ActiveCfg = Debug|Any CPU
		{C9975E0C-1116-4CF5-BAB6-460A1E3C88FF}.Debug|x64.Build.0 = Debug|Any CPU
		{C9975E0C-1116-4CF5-BAB6-460A1E3C88FF}.Debug|x86.ActiveCfg = Debug|Any CPU
		{C9975E0C-1116-4CF5-BAB6-460A1E3C88FF}.Debug|x86.Build.0 = Debug|Any CPU
		{C9975E0C-1116-4CF5-BAB6-460A1E3C88FF}.Release|Any CPU.ActiveCfg = Release|Any CPU
		{C9975E0C-1116-4CF5-BAB6-460A1E3C88FF}.Release|Any CPU.Build.0 = Release|Any CPU
		{C9975E0C-1116-4CF5-BAB6-460A1E3C88FF}.Release|x64.ActiveCfg = Release|Any CPU
		{C9975E0C-1116-4CF5-BAB6-460A1E3C88FF}.Release|x64.Build.0 = Release|Any CPU
		{C9975E0C-1116-4CF5-BAB6-460A1E3C88FF}.Release|x86.ActiveCfg = Release|Any CPU
		{C9975E0C-1116-4CF5-BAB6-460A1E3C88FF}.Release|x86.Build.0 = Release|Any CPU
		{DC29488D-2644-4E5A-832D-9F47E8CBA0C1}.Debug|Any CPU.ActiveCfg = Debug|Any CPU
		{DC29488D-2644-4E5A-832D-9F47E8CBA0C1}.Debug|Any CPU.Build.0 = Debug|Any CPU
		{DC29488D-2644-4E5A-832D-9F47E8CBA0C1}.Debug|x64.ActiveCfg = Debug|Any CPU
		{DC29488D-2644-4E5A-832D-9F47E8CBA0C1}.Debug|x64.Build.0 = Debug|Any CPU
		{DC29488D-2644-4E5A-832D-9F47E8CBA0C1}.Debug|x86.ActiveCfg = Debug|Any CPU
		{DC29488D-2644-4E5A-832D-9F47E8CBA0C1}.Debug|x86.Build.0 = Debug|Any CPU
		{DC29488D-2644-4E5A-832D-9F47E8CBA0C1}.Release|Any CPU.ActiveCfg = Release|Any CPU
		{DC29488D-2644-4E5A-832D-9F47E8CBA0C1}.Release|Any CPU.Build.0 = Release|Any CPU
		{DC29488D-2644-4E5A-832D-9F47E8CBA0C1}.Release|x64.ActiveCfg = Release|Any CPU
		{DC29488D-2644-4E5A-832D-9F47E8CBA0C1}.Release|x64.Build.0 = Release|Any CPU
		{DC29488D-2644-4E5A-832D-9F47E8CBA0C1}.Release|x86.ActiveCfg = Release|Any CPU
		{DC29488D-2644-4E5A-832D-9F47E8CBA0C1}.Release|x86.Build.0 = Release|Any CPU
		{A1F34EAF-DFD5-4CCC-A62E-4CD143E0E8AE}.Debug|Any CPU.ActiveCfg = Debug|Any CPU
		{A1F34EAF-DFD5-4CCC-A62E-4CD143E0E8AE}.Debug|Any CPU.Build.0 = Debug|Any CPU
		{A1F34EAF-DFD5-4CCC-A62E-4CD143E0E8AE}.Debug|x64.ActiveCfg = Debug|Any CPU
		{A1F34EAF-DFD5-4CCC-A62E-4CD143E0E8AE}.Debug|x64.Build.0 = Debug|Any CPU
		{A1F34EAF-DFD5-4CCC-A62E-4CD143E0E8AE}.Debug|x86.ActiveCfg = Debug|Any CPU
		{A1F34EAF-DFD5-4CCC-A62E-4CD143E0E8AE}.Debug|x86.Build.0 = Debug|Any CPU
		{A1F34EAF-DFD5-4CCC-A62E-4CD143E0E8AE}.Release|Any CPU.ActiveCfg = Release|Any CPU
		{A1F34EAF-DFD5-4CCC-A62E-4CD143E0E8AE}.Release|Any CPU.Build.0 = Release|Any CPU
		{A1F34EAF-DFD5-4CCC-A62E-4CD143E0E8AE}.Release|x64.ActiveCfg = Release|Any CPU
		{A1F34EAF-DFD5-4CCC-A62E-4CD143E0E8AE}.Release|x64.Build.0 = Release|Any CPU
		{A1F34EAF-DFD5-4CCC-A62E-4CD143E0E8AE}.Release|x86.ActiveCfg = Release|Any CPU
		{A1F34EAF-DFD5-4CCC-A62E-4CD143E0E8AE}.Release|x86.Build.0 = Release|Any CPU
		{999210C4-C750-449B-B7BC-E2671AB46022}.Debug|Any CPU.ActiveCfg = Debug|Any CPU
		{999210C4-C750-449B-B7BC-E2671AB46022}.Debug|Any CPU.Build.0 = Debug|Any CPU
		{999210C4-C750-449B-B7BC-E2671AB46022}.Debug|x64.ActiveCfg = Debug|Any CPU
		{999210C4-C750-449B-B7BC-E2671AB46022}.Debug|x64.Build.0 = Debug|Any CPU
		{999210C4-C750-449B-B7BC-E2671AB46022}.Debug|x86.ActiveCfg = Debug|Any CPU
		{999210C4-C750-449B-B7BC-E2671AB46022}.Debug|x86.Build.0 = Debug|Any CPU
		{999210C4-C750-449B-B7BC-E2671AB46022}.Release|Any CPU.ActiveCfg = Release|Any CPU
		{999210C4-C750-449B-B7BC-E2671AB46022}.Release|Any CPU.Build.0 = Release|Any CPU
		{999210C4-C750-449B-B7BC-E2671AB46022}.Release|x64.ActiveCfg = Release|Any CPU
		{999210C4-C750-449B-B7BC-E2671AB46022}.Release|x64.Build.0 = Release|Any CPU
		{999210C4-C750-449B-B7BC-E2671AB46022}.Release|x86.ActiveCfg = Release|Any CPU
		{999210C4-C750-449B-B7BC-E2671AB46022}.Release|x86.Build.0 = Release|Any CPU
		{AA91B9AA-7DB4-4323-A2FB-4D012AA2493D}.Debug|Any CPU.ActiveCfg = Debug|Any CPU
		{AA91B9AA-7DB4-4323-A2FB-4D012AA2493D}.Debug|Any CPU.Build.0 = Debug|Any CPU
		{AA91B9AA-7DB4-4323-A2FB-4D012AA2493D}.Debug|x64.ActiveCfg = Debug|Any CPU
		{AA91B9AA-7DB4-4323-A2FB-4D012AA2493D}.Debug|x64.Build.0 = Debug|Any CPU
		{AA91B9AA-7DB4-4323-A2FB-4D012AA2493D}.Debug|x86.ActiveCfg = Debug|Any CPU
		{AA91B9AA-7DB4-4323-A2FB-4D012AA2493D}.Debug|x86.Build.0 = Debug|Any CPU
		{AA91B9AA-7DB4-4323-A2FB-4D012AA2493D}.Release|Any CPU.ActiveCfg = Release|Any CPU
		{AA91B9AA-7DB4-4323-A2FB-4D012AA2493D}.Release|Any CPU.Build.0 = Release|Any CPU
		{AA91B9AA-7DB4-4323-A2FB-4D012AA2493D}.Release|x64.ActiveCfg = Release|Any CPU
		{AA91B9AA-7DB4-4323-A2FB-4D012AA2493D}.Release|x64.Build.0 = Release|Any CPU
		{AA91B9AA-7DB4-4323-A2FB-4D012AA2493D}.Release|x86.ActiveCfg = Release|Any CPU
		{AA91B9AA-7DB4-4323-A2FB-4D012AA2493D}.Release|x86.Build.0 = Release|Any CPU
		{6C867D6C-550F-4186-94AC-08DB7BF741E9}.Debug|Any CPU.ActiveCfg = Debug|Any CPU
		{6C867D6C-550F-4186-94AC-08DB7BF741E9}.Debug|Any CPU.Build.0 = Debug|Any CPU
		{6C867D6C-550F-4186-94AC-08DB7BF741E9}.Debug|x64.ActiveCfg = Debug|Any CPU
		{6C867D6C-550F-4186-94AC-08DB7BF741E9}.Debug|x64.Build.0 = Debug|Any CPU
		{6C867D6C-550F-4186-94AC-08DB7BF741E9}.Debug|x86.ActiveCfg = Debug|Any CPU
		{6C867D6C-550F-4186-94AC-08DB7BF741E9}.Debug|x86.Build.0 = Debug|Any CPU
		{6C867D6C-550F-4186-94AC-08DB7BF741E9}.Release|Any CPU.ActiveCfg = Release|Any CPU
		{6C867D6C-550F-4186-94AC-08DB7BF741E9}.Release|Any CPU.Build.0 = Release|Any CPU
		{6C867D6C-550F-4186-94AC-08DB7BF741E9}.Release|x64.ActiveCfg = Release|Any CPU
		{6C867D6C-550F-4186-94AC-08DB7BF741E9}.Release|x64.Build.0 = Release|Any CPU
		{6C867D6C-550F-4186-94AC-08DB7BF741E9}.Release|x86.ActiveCfg = Release|Any CPU
		{6C867D6C-550F-4186-94AC-08DB7BF741E9}.Release|x86.Build.0 = Release|Any CPU
		{B54F6B80-0D54-4D95-A9CD-3A8CDF667ACB}.Debug|Any CPU.ActiveCfg = Debug|Any CPU
		{B54F6B80-0D54-4D95-A9CD-3A8CDF667ACB}.Debug|Any CPU.Build.0 = Debug|Any CPU
		{B54F6B80-0D54-4D95-A9CD-3A8CDF667ACB}.Debug|x64.ActiveCfg = Debug|Any CPU
		{B54F6B80-0D54-4D95-A9CD-3A8CDF667ACB}.Debug|x64.Build.0 = Debug|Any CPU
		{B54F6B80-0D54-4D95-A9CD-3A8CDF667ACB}.Debug|x86.ActiveCfg = Debug|Any CPU
		{B54F6B80-0D54-4D95-A9CD-3A8CDF667ACB}.Debug|x86.Build.0 = Debug|Any CPU
		{B54F6B80-0D54-4D95-A9CD-3A8CDF667ACB}.Release|Any CPU.ActiveCfg = Release|Any CPU
		{B54F6B80-0D54-4D95-A9CD-3A8CDF667ACB}.Release|Any CPU.Build.0 = Release|Any CPU
		{B54F6B80-0D54-4D95-A9CD-3A8CDF667ACB}.Release|x64.ActiveCfg = Release|Any CPU
		{B54F6B80-0D54-4D95-A9CD-3A8CDF667ACB}.Release|x64.Build.0 = Release|Any CPU
		{B54F6B80-0D54-4D95-A9CD-3A8CDF667ACB}.Release|x86.ActiveCfg = Release|Any CPU
		{B54F6B80-0D54-4D95-A9CD-3A8CDF667ACB}.Release|x86.Build.0 = Release|Any CPU
		{80050BA6-D05C-4851-9B3D-20092F62F7FD}.Debug|Any CPU.ActiveCfg = Debug|Any CPU
		{80050BA6-D05C-4851-9B3D-20092F62F7FD}.Debug|Any CPU.Build.0 = Debug|Any CPU
		{80050BA6-D05C-4851-9B3D-20092F62F7FD}.Debug|x64.ActiveCfg = Debug|Any CPU
		{80050BA6-D05C-4851-9B3D-20092F62F7FD}.Debug|x64.Build.0 = Debug|Any CPU
		{80050BA6-D05C-4851-9B3D-20092F62F7FD}.Debug|x86.ActiveCfg = Debug|Any CPU
		{80050BA6-D05C-4851-9B3D-20092F62F7FD}.Debug|x86.Build.0 = Debug|Any CPU
		{80050BA6-D05C-4851-9B3D-20092F62F7FD}.Release|Any CPU.ActiveCfg = Release|Any CPU
		{80050BA6-D05C-4851-9B3D-20092F62F7FD}.Release|Any CPU.Build.0 = Release|Any CPU
		{80050BA6-D05C-4851-9B3D-20092F62F7FD}.Release|x64.ActiveCfg = Release|Any CPU
		{80050BA6-D05C-4851-9B3D-20092F62F7FD}.Release|x64.Build.0 = Release|Any CPU
		{80050BA6-D05C-4851-9B3D-20092F62F7FD}.Release|x86.ActiveCfg = Release|Any CPU
		{80050BA6-D05C-4851-9B3D-20092F62F7FD}.Release|x86.Build.0 = Release|Any CPU
		{4F54C287-655D-474D-87A8-66C5F90A5FD8}.Debug|Any CPU.ActiveCfg = Debug|Any CPU
		{4F54C287-655D-474D-87A8-66C5F90A5FD8}.Debug|Any CPU.Build.0 = Debug|Any CPU
		{4F54C287-655D-474D-87A8-66C5F90A5FD8}.Debug|x64.ActiveCfg = Debug|Any CPU
		{4F54C287-655D-474D-87A8-66C5F90A5FD8}.Debug|x64.Build.0 = Debug|Any CPU
		{4F54C287-655D-474D-87A8-66C5F90A5FD8}.Debug|x86.ActiveCfg = Debug|Any CPU
		{4F54C287-655D-474D-87A8-66C5F90A5FD8}.Debug|x86.Build.0 = Debug|Any CPU
		{4F54C287-655D-474D-87A8-66C5F90A5FD8}.Release|Any CPU.ActiveCfg = Release|Any CPU
		{4F54C287-655D-474D-87A8-66C5F90A5FD8}.Release|Any CPU.Build.0 = Release|Any CPU
		{4F54C287-655D-474D-87A8-66C5F90A5FD8}.Release|x64.ActiveCfg = Release|Any CPU
		{4F54C287-655D-474D-87A8-66C5F90A5FD8}.Release|x64.Build.0 = Release|Any CPU
		{4F54C287-655D-474D-87A8-66C5F90A5FD8}.Release|x86.ActiveCfg = Release|Any CPU
		{4F54C287-655D-474D-87A8-66C5F90A5FD8}.Release|x86.Build.0 = Release|Any CPU
		{3C5F3B84-5EAB-4419-AE29-5D022B687196}.Debug|Any CPU.ActiveCfg = Debug|Any CPU
		{3C5F3B84-5EAB-4419-AE29-5D022B687196}.Debug|Any CPU.Build.0 = Debug|Any CPU
		{3C5F3B84-5EAB-4419-AE29-5D022B687196}.Debug|x64.ActiveCfg = Debug|Any CPU
		{3C5F3B84-5EAB-4419-AE29-5D022B687196}.Debug|x64.Build.0 = Debug|Any CPU
		{3C5F3B84-5EAB-4419-AE29-5D022B687196}.Debug|x86.ActiveCfg = Debug|Any CPU
		{3C5F3B84-5EAB-4419-AE29-5D022B687196}.Debug|x86.Build.0 = Debug|Any CPU
		{3C5F3B84-5EAB-4419-AE29-5D022B687196}.Release|Any CPU.ActiveCfg = Release|Any CPU
		{3C5F3B84-5EAB-4419-AE29-5D022B687196}.Release|Any CPU.Build.0 = Release|Any CPU
		{3C5F3B84-5EAB-4419-AE29-5D022B687196}.Release|x64.ActiveCfg = Release|Any CPU
		{3C5F3B84-5EAB-4419-AE29-5D022B687196}.Release|x64.Build.0 = Release|Any CPU
		{3C5F3B84-5EAB-4419-AE29-5D022B687196}.Release|x86.ActiveCfg = Release|Any CPU
		{3C5F3B84-5EAB-4419-AE29-5D022B687196}.Release|x86.Build.0 = Release|Any CPU
		{E5159594-A4FF-4955-B55B-1F2EA81CCD96}.Debug|Any CPU.ActiveCfg = Debug|Any CPU
		{E5159594-A4FF-4955-B55B-1F2EA81CCD96}.Debug|Any CPU.Build.0 = Debug|Any CPU
		{E5159594-A4FF-4955-B55B-1F2EA81CCD96}.Debug|x64.ActiveCfg = Debug|Any CPU
		{E5159594-A4FF-4955-B55B-1F2EA81CCD96}.Debug|x64.Build.0 = Debug|Any CPU
		{E5159594-A4FF-4955-B55B-1F2EA81CCD96}.Debug|x86.ActiveCfg = Debug|Any CPU
		{E5159594-A4FF-4955-B55B-1F2EA81CCD96}.Debug|x86.Build.0 = Debug|Any CPU
		{E5159594-A4FF-4955-B55B-1F2EA81CCD96}.Release|Any CPU.ActiveCfg = Release|Any CPU
		{E5159594-A4FF-4955-B55B-1F2EA81CCD96}.Release|Any CPU.Build.0 = Release|Any CPU
		{E5159594-A4FF-4955-B55B-1F2EA81CCD96}.Release|x64.ActiveCfg = Release|Any CPU
		{E5159594-A4FF-4955-B55B-1F2EA81CCD96}.Release|x64.Build.0 = Release|Any CPU
		{E5159594-A4FF-4955-B55B-1F2EA81CCD96}.Release|x86.ActiveCfg = Release|Any CPU
		{E5159594-A4FF-4955-B55B-1F2EA81CCD96}.Release|x86.Build.0 = Release|Any CPU
		{05C53573-383A-4F3A-A647-0A75A0DD53AD}.Debug|Any CPU.ActiveCfg = Debug|Any CPU
		{05C53573-383A-4F3A-A647-0A75A0DD53AD}.Debug|Any CPU.Build.0 = Debug|Any CPU
		{05C53573-383A-4F3A-A647-0A75A0DD53AD}.Debug|x64.ActiveCfg = Debug|Any CPU
		{05C53573-383A-4F3A-A647-0A75A0DD53AD}.Debug|x64.Build.0 = Debug|Any CPU
		{05C53573-383A-4F3A-A647-0A75A0DD53AD}.Debug|x86.ActiveCfg = Debug|Any CPU
		{05C53573-383A-4F3A-A647-0A75A0DD53AD}.Debug|x86.Build.0 = Debug|Any CPU
		{05C53573-383A-4F3A-A647-0A75A0DD53AD}.Release|Any CPU.ActiveCfg = Release|Any CPU
		{05C53573-383A-4F3A-A647-0A75A0DD53AD}.Release|Any CPU.Build.0 = Release|Any CPU
		{05C53573-383A-4F3A-A647-0A75A0DD53AD}.Release|x64.ActiveCfg = Release|Any CPU
		{05C53573-383A-4F3A-A647-0A75A0DD53AD}.Release|x64.Build.0 = Release|Any CPU
		{05C53573-383A-4F3A-A647-0A75A0DD53AD}.Release|x86.ActiveCfg = Release|Any CPU
		{05C53573-383A-4F3A-A647-0A75A0DD53AD}.Release|x86.Build.0 = Release|Any CPU
		{5EB0E664-4237-428B-9E7C-778B8B13D25C}.Debug|Any CPU.ActiveCfg = Debug|Any CPU
		{5EB0E664-4237-428B-9E7C-778B8B13D25C}.Debug|Any CPU.Build.0 = Debug|Any CPU
		{5EB0E664-4237-428B-9E7C-778B8B13D25C}.Debug|x64.ActiveCfg = Debug|Any CPU
		{5EB0E664-4237-428B-9E7C-778B8B13D25C}.Debug|x64.Build.0 = Debug|Any CPU
		{5EB0E664-4237-428B-9E7C-778B8B13D25C}.Debug|x86.ActiveCfg = Debug|Any CPU
		{5EB0E664-4237-428B-9E7C-778B8B13D25C}.Debug|x86.Build.0 = Debug|Any CPU
		{5EB0E664-4237-428B-9E7C-778B8B13D25C}.Release|Any CPU.ActiveCfg = Release|Any CPU
		{5EB0E664-4237-428B-9E7C-778B8B13D25C}.Release|Any CPU.Build.0 = Release|Any CPU
		{5EB0E664-4237-428B-9E7C-778B8B13D25C}.Release|x64.ActiveCfg = Release|Any CPU
		{5EB0E664-4237-428B-9E7C-778B8B13D25C}.Release|x64.Build.0 = Release|Any CPU
		{5EB0E664-4237-428B-9E7C-778B8B13D25C}.Release|x86.ActiveCfg = Release|Any CPU
		{5EB0E664-4237-428B-9E7C-778B8B13D25C}.Release|x86.Build.0 = Release|Any CPU
		{549B17E3-6D7C-459A-995E-D46726A59893}.Debug|Any CPU.ActiveCfg = Debug|Any CPU
		{549B17E3-6D7C-459A-995E-D46726A59893}.Debug|Any CPU.Build.0 = Debug|Any CPU
		{549B17E3-6D7C-459A-995E-D46726A59893}.Debug|x64.ActiveCfg = Debug|Any CPU
		{549B17E3-6D7C-459A-995E-D46726A59893}.Debug|x64.Build.0 = Debug|Any CPU
		{549B17E3-6D7C-459A-995E-D46726A59893}.Debug|x86.ActiveCfg = Debug|Any CPU
		{549B17E3-6D7C-459A-995E-D46726A59893}.Debug|x86.Build.0 = Debug|Any CPU
		{549B17E3-6D7C-459A-995E-D46726A59893}.Release|Any CPU.ActiveCfg = Release|Any CPU
		{549B17E3-6D7C-459A-995E-D46726A59893}.Release|Any CPU.Build.0 = Release|Any CPU
		{549B17E3-6D7C-459A-995E-D46726A59893}.Release|x64.ActiveCfg = Release|Any CPU
		{549B17E3-6D7C-459A-995E-D46726A59893}.Release|x64.Build.0 = Release|Any CPU
		{549B17E3-6D7C-459A-995E-D46726A59893}.Release|x86.ActiveCfg = Release|Any CPU
		{549B17E3-6D7C-459A-995E-D46726A59893}.Release|x86.Build.0 = Release|Any CPU
		{FEB00396-5B49-4D52-8452-59D40141F4C7}.Debug|Any CPU.ActiveCfg = Debug|Any CPU
		{FEB00396-5B49-4D52-8452-59D40141F4C7}.Debug|Any CPU.Build.0 = Debug|Any CPU
		{FEB00396-5B49-4D52-8452-59D40141F4C7}.Debug|x64.ActiveCfg = Debug|Any CPU
		{FEB00396-5B49-4D52-8452-59D40141F4C7}.Debug|x64.Build.0 = Debug|Any CPU
		{FEB00396-5B49-4D52-8452-59D40141F4C7}.Debug|x86.ActiveCfg = Debug|Any CPU
		{FEB00396-5B49-4D52-8452-59D40141F4C7}.Debug|x86.Build.0 = Debug|Any CPU
		{FEB00396-5B49-4D52-8452-59D40141F4C7}.Release|Any CPU.ActiveCfg = Release|Any CPU
		{FEB00396-5B49-4D52-8452-59D40141F4C7}.Release|Any CPU.Build.0 = Release|Any CPU
		{FEB00396-5B49-4D52-8452-59D40141F4C7}.Release|x64.ActiveCfg = Release|Any CPU
		{FEB00396-5B49-4D52-8452-59D40141F4C7}.Release|x64.Build.0 = Release|Any CPU
		{FEB00396-5B49-4D52-8452-59D40141F4C7}.Release|x86.ActiveCfg = Release|Any CPU
		{FEB00396-5B49-4D52-8452-59D40141F4C7}.Release|x86.Build.0 = Release|Any CPU
		{01878D4A-410E-4E44-986E-7E7EDF7B9A9B}.Debug|Any CPU.ActiveCfg = Debug|Any CPU
		{01878D4A-410E-4E44-986E-7E7EDF7B9A9B}.Debug|Any CPU.Build.0 = Debug|Any CPU
		{01878D4A-410E-4E44-986E-7E7EDF7B9A9B}.Debug|x64.ActiveCfg = Debug|Any CPU
		{01878D4A-410E-4E44-986E-7E7EDF7B9A9B}.Debug|x64.Build.0 = Debug|Any CPU
		{01878D4A-410E-4E44-986E-7E7EDF7B9A9B}.Debug|x86.ActiveCfg = Debug|Any CPU
		{01878D4A-410E-4E44-986E-7E7EDF7B9A9B}.Debug|x86.Build.0 = Debug|Any CPU
		{01878D4A-410E-4E44-986E-7E7EDF7B9A9B}.Release|Any CPU.ActiveCfg = Release|Any CPU
		{01878D4A-410E-4E44-986E-7E7EDF7B9A9B}.Release|Any CPU.Build.0 = Release|Any CPU
		{01878D4A-410E-4E44-986E-7E7EDF7B9A9B}.Release|x64.ActiveCfg = Release|Any CPU
		{01878D4A-410E-4E44-986E-7E7EDF7B9A9B}.Release|x64.Build.0 = Release|Any CPU
		{01878D4A-410E-4E44-986E-7E7EDF7B9A9B}.Release|x86.ActiveCfg = Release|Any CPU
		{01878D4A-410E-4E44-986E-7E7EDF7B9A9B}.Release|x86.Build.0 = Release|Any CPU
		{9BD63552-A7A4-45FE-9B1B-3CA82CA424EE}.Debug|Any CPU.ActiveCfg = Debug|Any CPU
		{9BD63552-A7A4-45FE-9B1B-3CA82CA424EE}.Debug|Any CPU.Build.0 = Debug|Any CPU
		{9BD63552-A7A4-45FE-9B1B-3CA82CA424EE}.Debug|x64.ActiveCfg = Debug|Any CPU
		{9BD63552-A7A4-45FE-9B1B-3CA82CA424EE}.Debug|x64.Build.0 = Debug|Any CPU
		{9BD63552-A7A4-45FE-9B1B-3CA82CA424EE}.Debug|x86.ActiveCfg = Debug|Any CPU
		{9BD63552-A7A4-45FE-9B1B-3CA82CA424EE}.Debug|x86.Build.0 = Debug|Any CPU
		{9BD63552-A7A4-45FE-9B1B-3CA82CA424EE}.Release|Any CPU.ActiveCfg = Release|Any CPU
		{9BD63552-A7A4-45FE-9B1B-3CA82CA424EE}.Release|Any CPU.Build.0 = Release|Any CPU
		{9BD63552-A7A4-45FE-9B1B-3CA82CA424EE}.Release|x64.ActiveCfg = Release|Any CPU
		{9BD63552-A7A4-45FE-9B1B-3CA82CA424EE}.Release|x64.Build.0 = Release|Any CPU
		{9BD63552-A7A4-45FE-9B1B-3CA82CA424EE}.Release|x86.ActiveCfg = Release|Any CPU
		{9BD63552-A7A4-45FE-9B1B-3CA82CA424EE}.Release|x86.Build.0 = Release|Any CPU
		{4FE8240E-8D43-4065-A90A-BA1EAFD4F53E}.Debug|Any CPU.ActiveCfg = Debug|Any CPU
		{4FE8240E-8D43-4065-A90A-BA1EAFD4F53E}.Debug|Any CPU.Build.0 = Debug|Any CPU
		{4FE8240E-8D43-4065-A90A-BA1EAFD4F53E}.Debug|x64.ActiveCfg = Debug|Any CPU
		{4FE8240E-8D43-4065-A90A-BA1EAFD4F53E}.Debug|x64.Build.0 = Debug|Any CPU
		{4FE8240E-8D43-4065-A90A-BA1EAFD4F53E}.Debug|x86.ActiveCfg = Debug|Any CPU
		{4FE8240E-8D43-4065-A90A-BA1EAFD4F53E}.Debug|x86.Build.0 = Debug|Any CPU
		{4FE8240E-8D43-4065-A90A-BA1EAFD4F53E}.Release|Any CPU.ActiveCfg = Release|Any CPU
		{4FE8240E-8D43-4065-A90A-BA1EAFD4F53E}.Release|Any CPU.Build.0 = Release|Any CPU
		{4FE8240E-8D43-4065-A90A-BA1EAFD4F53E}.Release|x64.ActiveCfg = Release|Any CPU
		{4FE8240E-8D43-4065-A90A-BA1EAFD4F53E}.Release|x64.Build.0 = Release|Any CPU
		{4FE8240E-8D43-4065-A90A-BA1EAFD4F53E}.Release|x86.ActiveCfg = Release|Any CPU
		{4FE8240E-8D43-4065-A90A-BA1EAFD4F53E}.Release|x86.Build.0 = Release|Any CPU
		{A579BE39-DF43-49B8-A9D7-E34BAAE0567B}.Debug|Any CPU.ActiveCfg = Debug|Any CPU
		{A579BE39-DF43-49B8-A9D7-E34BAAE0567B}.Debug|Any CPU.Build.0 = Debug|Any CPU
		{A579BE39-DF43-49B8-A9D7-E34BAAE0567B}.Debug|x64.ActiveCfg = Debug|Any CPU
		{A579BE39-DF43-49B8-A9D7-E34BAAE0567B}.Debug|x64.Build.0 = Debug|Any CPU
		{A579BE39-DF43-49B8-A9D7-E34BAAE0567B}.Debug|x86.ActiveCfg = Debug|Any CPU
		{A579BE39-DF43-49B8-A9D7-E34BAAE0567B}.Debug|x86.Build.0 = Debug|Any CPU
		{A579BE39-DF43-49B8-A9D7-E34BAAE0567B}.Release|Any CPU.ActiveCfg = Release|Any CPU
		{A579BE39-DF43-49B8-A9D7-E34BAAE0567B}.Release|Any CPU.Build.0 = Release|Any CPU
		{A579BE39-DF43-49B8-A9D7-E34BAAE0567B}.Release|x64.ActiveCfg = Release|Any CPU
		{A579BE39-DF43-49B8-A9D7-E34BAAE0567B}.Release|x64.Build.0 = Release|Any CPU
		{A579BE39-DF43-49B8-A9D7-E34BAAE0567B}.Release|x86.ActiveCfg = Release|Any CPU
		{A579BE39-DF43-49B8-A9D7-E34BAAE0567B}.Release|x86.Build.0 = Release|Any CPU
		{1E61A5C8-C3EA-47F0-AC97-EAD3E96C83A4}.Debug|Any CPU.ActiveCfg = Debug|Any CPU
		{1E61A5C8-C3EA-47F0-AC97-EAD3E96C83A4}.Debug|Any CPU.Build.0 = Debug|Any CPU
		{1E61A5C8-C3EA-47F0-AC97-EAD3E96C83A4}.Debug|x64.ActiveCfg = Debug|Any CPU
		{1E61A5C8-C3EA-47F0-AC97-EAD3E96C83A4}.Debug|x64.Build.0 = Debug|Any CPU
		{1E61A5C8-C3EA-47F0-AC97-EAD3E96C83A4}.Debug|x86.ActiveCfg = Debug|Any CPU
		{1E61A5C8-C3EA-47F0-AC97-EAD3E96C83A4}.Debug|x86.Build.0 = Debug|Any CPU
		{1E61A5C8-C3EA-47F0-AC97-EAD3E96C83A4}.Release|Any CPU.ActiveCfg = Release|Any CPU
		{1E61A5C8-C3EA-47F0-AC97-EAD3E96C83A4}.Release|Any CPU.Build.0 = Release|Any CPU
		{1E61A5C8-C3EA-47F0-AC97-EAD3E96C83A4}.Release|x64.ActiveCfg = Release|Any CPU
		{1E61A5C8-C3EA-47F0-AC97-EAD3E96C83A4}.Release|x64.Build.0 = Release|Any CPU
		{1E61A5C8-C3EA-47F0-AC97-EAD3E96C83A4}.Release|x86.ActiveCfg = Release|Any CPU
		{1E61A5C8-C3EA-47F0-AC97-EAD3E96C83A4}.Release|x86.Build.0 = Release|Any CPU
	EndGlobalSection
	GlobalSection(SolutionProperties) = preSolution
		HideSolutionNode = FALSE
	EndGlobalSection
	GlobalSection(NestedProjects) = preSolution
		{D5064FC8-1F49-54B6-E1C8-B23A6140528A} = {827E0CD3-B72D-47B6-A68D-7590B98EB39B}
		{846C00B0-DA4E-4447-8DCD-8FB130061D0E} = {D5064FC8-1F49-54B6-E1C8-B23A6140528A}
		{EC6EF7E1-FF7F-46A3-B555-5D0D53CBA619} = {D5064FC8-1F49-54B6-E1C8-B23A6140528A}
		{C9975E0C-1116-4CF5-BAB6-460A1E3C88FF} = {D5064FC8-1F49-54B6-E1C8-B23A6140528A}
		{DC29488D-2644-4E5A-832D-9F47E8CBA0C1} = {D5064FC8-1F49-54B6-E1C8-B23A6140528A}
		{CE531351-2DDC-5385-577C-184023A1FCB7} = {827E0CD3-B72D-47B6-A68D-7590B98EB39B}
		{A1F34EAF-DFD5-4CCC-A62E-4CD143E0E8AE} = {CE531351-2DDC-5385-577C-184023A1FCB7}
		{999210C4-C750-449B-B7BC-E2671AB46022} = {CE531351-2DDC-5385-577C-184023A1FCB7}
		{AA91B9AA-7DB4-4323-A2FB-4D012AA2493D} = {CE531351-2DDC-5385-577C-184023A1FCB7}
		{6C867D6C-550F-4186-94AC-08DB7BF741E9} = {CE531351-2DDC-5385-577C-184023A1FCB7}
		{45EE7A2A-C8BC-7A22-EE13-374D55855B23} = {827E0CD3-B72D-47B6-A68D-7590B98EB39B}
		{B54F6B80-0D54-4D95-A9CD-3A8CDF667ACB} = {45EE7A2A-C8BC-7A22-EE13-374D55855B23}
		{80050BA6-D05C-4851-9B3D-20092F62F7FD} = {45EE7A2A-C8BC-7A22-EE13-374D55855B23}
		{4F54C287-655D-474D-87A8-66C5F90A5FD8} = {45EE7A2A-C8BC-7A22-EE13-374D55855B23}
		{3C5F3B84-5EAB-4419-AE29-5D022B687196} = {45EE7A2A-C8BC-7A22-EE13-374D55855B23}
		{AF784095-B75E-12D9-5330-051F8C2E25B3} = {827E0CD3-B72D-47B6-A68D-7590B98EB39B}
		{E5159594-A4FF-4955-B55B-1F2EA81CCD96} = {AF784095-B75E-12D9-5330-051F8C2E25B3}
		{05C53573-383A-4F3A-A647-0A75A0DD53AD} = {AF784095-B75E-12D9-5330-051F8C2E25B3}
		{5EB0E664-4237-428B-9E7C-778B8B13D25C} = {AF784095-B75E-12D9-5330-051F8C2E25B3}
		{549B17E3-6D7C-459A-995E-D46726A59893} = {AF784095-B75E-12D9-5330-051F8C2E25B3}
		{BFF2DF6E-AA54-47C7-211F-79ACCBB4577C} = {827E0CD3-B72D-47B6-A68D-7590B98EB39B}
		{FEB00396-5B49-4D52-8452-59D40141F4C7} = {BFF2DF6E-AA54-47C7-211F-79ACCBB4577C}
		{01878D4A-410E-4E44-986E-7E7EDF7B9A9B} = {D5064FC8-1F49-54B6-E1C8-B23A6140528A}
		{9BD63552-A7A4-45FE-9B1B-3CA82CA424EE} = {CE531351-2DDC-5385-577C-184023A1FCB7}
		{4FE8240E-8D43-4065-A90A-BA1EAFD4F53E} = {AF784095-B75E-12D9-5330-051F8C2E25B3}
		{A579BE39-DF43-49B8-A9D7-E34BAAE0567B} = {45EE7A2A-C8BC-7A22-EE13-374D55855B23}
		{1E61A5C8-C3EA-47F0-AC97-EAD3E96C83A4} = {0AB3BF05-4346-4AA6-1389-037BE0695223}
	EndGlobalSection
EndGlobal
